// !$*UTF8*$!
{
	archiveVersion = 1;
	classes = {
	};
	objectVersion = 46;
	objects = {

/* Begin PBXBuildFile section */
		C12327BA1DCDFFDA005F9F9E /* main.swift in Sources */ = {isa = PBXBuildFile; fileRef = C12327B91DCDFFDA005F9F9E /* main.swift */; };
		C12327C11DCE0070005F9F9E /* MinMax.swift in Sources */ = {isa = PBXBuildFile; fileRef = C12327C01DCE0070005F9F9E /* MinMax.swift */; };
		C12327C91DCE00C7005F9F9E /* MinMax Test.swift in Sources */ = {isa = PBXBuildFile; fileRef = C12327C81DCE00C7005F9F9E /* MinMax Test.swift */; };
		C12327CE1DCE0126005F9F9E /* MinMax.swift in Sources */ = {isa = PBXBuildFile; fileRef = C12327C01DCE0070005F9F9E /* MinMax.swift */; };
		C12327D01DCE0150005F9F9E /* Cat.swift in Sources */ = {isa = PBXBuildFile; fileRef = C12327CF1DCE0150005F9F9E /* Cat.swift */; };
		C12327D11DCE0150005F9F9E /* Cat.swift in Sources */ = {isa = PBXBuildFile; fileRef = C12327CF1DCE0150005F9F9E /* Cat.swift */; };
/* End PBXBuildFile section */

/* Begin PBXCopyFilesBuildPhase section */
		C12327B41DCDFFD9005F9F9E /* CopyFiles */ = {
			isa = PBXCopyFilesBuildPhase;
			buildActionMask = 2147483647;
			dstPath = /usr/share/man/man1/;
			dstSubfolderSpec = 0;
			files = (
			);
			runOnlyForDeploymentPostprocessing = 1;
		};
/* End PBXCopyFilesBuildPhase section */

/* Begin PBXFileReference section */
		C12327B61DCDFFD9005F9F9E /* Battle Cats */ = {isa = PBXFileReference; explicitFileType = "compiled.mach-o.executable"; includeInIndex = 0; path = "Battle Cats"; sourceTree = BUILT_PRODUCTS_DIR; };
		C12327B91DCDFFDA005F9F9E /* main.swift */ = {isa = PBXFileReference; lastKnownFileType = sourcecode.swift; path = main.swift; sourceTree = "<group>"; };
		C12327C01DCE0070005F9F9E /* MinMax.swift */ = {isa = PBXFileReference; fileEncoding = 4; lastKnownFileType = sourcecode.swift; name = MinMax.swift; path = ../MinMax.swift; sourceTree = "<group>"; };
		C12327C61DCE00C7005F9F9E /* bc.xctest */ = {isa = PBXFileReference; explicitFileType = wrapper.cfbundle; includeInIndex = 0; path = bc.xctest; sourceTree = BUILT_PRODUCTS_DIR; };
		C12327C81DCE00C7005F9F9E /* MinMax Test.swift */ = {isa = PBXFileReference; lastKnownFileType = sourcecode.swift; path = "MinMax Test.swift"; sourceTree = "<group>"; };
		C12327CA1DCE00C7005F9F9E /* Info.plist */ = {isa = PBXFileReference; lastKnownFileType = text.plist.xml; path = Info.plist; sourceTree = "<group>"; };
		C12327CF1DCE0150005F9F9E /* Cat.swift */ = {isa = PBXFileReference; fileEncoding = 4; lastKnownFileType = sourcecode.swift; name = Cat.swift; path = ../bc/Cat.swift; sourceTree = "<group>"; };
/* End PBXFileReference section */

/* Begin PBXFrameworksBuildPhase section */
		C12327B31DCDFFD9005F9F9E /* Frameworks */ = {
			isa = PBXFrameworksBuildPhase;
			buildActionMask = 2147483647;
			files = (
			);
			runOnlyForDeploymentPostprocessing = 0;
		};
		C12327C31DCE00C7005F9F9E /* Frameworks */ = {
			isa = PBXFrameworksBuildPhase;
			buildActionMask = 2147483647;
			files = (
			);
			runOnlyForDeploymentPostprocessing = 0;
		};
/* End PBXFrameworksBuildPhase section */

/* Begin PBXGroup section */
		C12327AD1DCDFFD9005F9F9E = {
			isa = PBXGroup;
			children = (
				C12327B81DCDFFD9005F9F9E /* Battle Cats */,
				C12327C71DCE00C7005F9F9E /* BC Test */,
				C12327B71DCDFFD9005F9F9E /* Products */,
			);
			sourceTree = "<group>";
		};
		C12327B71DCDFFD9005F9F9E /* Products */ = {
			isa = PBXGroup;
			children = (
				C12327B61DCDFFD9005F9F9E /* Battle Cats */,
				C12327C61DCE00C7005F9F9E /* bc.xctest */,
			);
			name = Products;
			sourceTree = "<group>";
		};
		C12327B81DCDFFD9005F9F9E /* Battle Cats */ = {
			isa = PBXGroup;
			children = (
				C12327B91DCDFFDA005F9F9E /* main.swift */,
				C12327CF1DCE0150005F9F9E /* Cat.swift */,
				C12327C01DCE0070005F9F9E /* MinMax.swift */,
			);
			path = "Battle Cats";
			sourceTree = "<group>";
		};
		C12327C71DCE00C7005F9F9E /* BC Test */ = {
			isa = PBXGroup;
			children = (
				C12327C81DCE00C7005F9F9E /* MinMax Test.swift */,
				C12327CA1DCE00C7005F9F9E /* Info.plist */,
			);
			name = "BC Test";
			path = bc;
			sourceTree = "<group>";
		};
/* End PBXGroup section */

/* Begin PBXNativeTarget section */
		C12327B51DCDFFD9005F9F9E /* Battle Cats */ = {
			isa = PBXNativeTarget;
			buildConfigurationList = C12327BD1DCDFFDA005F9F9E /* Build configuration list for PBXNativeTarget "Battle Cats" */;
			buildPhases = (
				C12327B21DCDFFD9005F9F9E /* Sources */,
				C12327B31DCDFFD9005F9F9E /* Frameworks */,
				C12327B41DCDFFD9005F9F9E /* CopyFiles */,
			);
			buildRules = (
			);
			dependencies = (
			);
			name = "Battle Cats";
			productName = "Battle Cats";
			productReference = C12327B61DCDFFD9005F9F9E /* Battle Cats */;
			productType = "com.apple.product-type.tool";
		};
		C12327C51DCE00C7005F9F9E /* bc */ = {
			isa = PBXNativeTarget;
			buildConfigurationList = C12327CB1DCE00C7005F9F9E /* Build configuration list for PBXNativeTarget "bc" */;
			buildPhases = (
				C12327C21DCE00C7005F9F9E /* Sources */,
				C12327C31DCE00C7005F9F9E /* Frameworks */,
				C12327C41DCE00C7005F9F9E /* Resources */,
			);
			buildRules = (
			);
			dependencies = (
			);
			name = bc;
			productName = bc;
			productReference = C12327C61DCE00C7005F9F9E /* bc.xctest */;
			productType = "com.apple.product-type.bundle.unit-test";
		};
/* End PBXNativeTarget section */

/* Begin PBXProject section */
		C12327AE1DCDFFD9005F9F9E /* Project object */ = {
			isa = PBXProject;
			attributes = {
				LastSwiftUpdateCheck = 0730;
				LastUpgradeCheck = 0730;
				ORGANIZATIONNAME = "Dude Guy ";
				TargetAttributes = {
					C12327B51DCDFFD9005F9F9E = {
						CreatedOnToolsVersion = 7.3.1;
					};
					C12327C51DCE00C7005F9F9E = {
						CreatedOnToolsVersion = 7.3.1;
					};
				};
			};
			buildConfigurationList = C12327B11DCDFFD9005F9F9E /* Build configuration list for PBXProject "Battle Cats" */;
			compatibilityVersion = "Xcode 3.2";
			developmentRegion = English;
			hasScannedForEncodings = 0;
			knownRegions = (
				en,
			);
			mainGroup = C12327AD1DCDFFD9005F9F9E;
			productRefGroup = C12327B71DCDFFD9005F9F9E /* Products */;
			projectDirPath = "";
			projectRoot = "";
			targets = (
				C12327B51DCDFFD9005F9F9E /* Battle Cats */,
				C12327C51DCE00C7005F9F9E /* bc */,
			);
		};
/* End PBXProject section */

/* Begin PBXResourcesBuildPhase section */
		C12327C41DCE00C7005F9F9E /* Resources */ = {
			isa = PBXResourcesBuildPhase;
			buildActionMask = 2147483647;
			files = (
			);
			runOnlyForDeploymentPostprocessing = 0;
		};
/* End PBXResourcesBuildPhase section */

/* Begin PBXSourcesBuildPhase section */
		C12327B21DCDFFD9005F9F9E /* Sources */ = {
			isa = PBXSourcesBuildPhase;
			buildActionMask = 2147483647;
			files = (
				C12327C11DCE0070005F9F9E /* MinMax.swift in Sources */,
				C12327D01DCE0150005F9F9E /* Cat.swift in Sources */,
				C12327BA1DCDFFDA005F9F9E /* main.swift in Sources */,
			);
			runOnlyForDeploymentPostprocessing = 0;
		};
		C12327C21DCE00C7005F9F9E /* Sources */ = {
			isa = PBXSourcesBuildPhase;
			buildActionMask = 2147483647;
			files = (
				C12327CE1DCE0126005F9F9E /* MinMax.swift in Sources */,
				C12327D11DCE0150005F9F9E /* Cat.swift in Sources */,
				C12327C91DCE00C7005F9F9E /* MinMax Test.swift in Sources */,
			);
			runOnlyForDeploymentPostprocessing = 0;
		};
/* End PBXSourcesBuildPhase section */

/* Begin XCBuildConfiguration section */
		C12327BB1DCDFFDA005F9F9E /* Debug */ = {
			isa = XCBuildConfiguration;
			buildSettings = {
				ALWAYS_SEARCH_USER_PATHS = NO;
				CLANG_ANALYZER_NONNULL = YES;
				CLANG_CXX_LANGUAGE_STANDARD = "gnu++0x";
				CLANG_CXX_LIBRARY = "libc++";
				CLANG_ENABLE_MODULES = YES;
				CLANG_ENABLE_OBJC_ARC = YES;
				CLANG_WARN_BOOL_CONVERSION = YES;
				CLANG_WARN_CONSTANT_CONVERSION = YES;
				CLANG_WARN_DIRECT_OBJC_ISA_USAGE = YES_ERROR;
				CLANG_WARN_EMPTY_BODY = YES;
				CLANG_WARN_ENUM_CONVERSION = YES;
				CLANG_WARN_INT_CONVERSION = YES;
				CLANG_WARN_OBJC_ROOT_CLASS = YES_ERROR;
				CLANG_WARN_UNREACHABLE_CODE = YES;
				CLANG_WARN__DUPLICATE_METHOD_MATCH = YES;
				CODE_SIGN_IDENTITY = "-";
				COPY_PHASE_STRIP = NO;
				DEBUG_INFORMATION_FORMAT = dwarf;
				ENABLE_STRICT_OBJC_MSGSEND = YES;
				ENABLE_TESTABILITY = YES;
				GCC_C_LANGUAGE_STANDARD = gnu99;
				GCC_DYNAMIC_NO_PIC = NO;
				GCC_NO_COMMON_BLOCKS = YES;
				GCC_OPTIMIZATION_LEVEL = 0;
				GCC_PREPROCESSOR_DEFINITIONS = (
					"DEBUG=1",
					"$(inherited)",
				);
				GCC_WARN_64_TO_32_BIT_CONVERSION = YES;
				GCC_WARN_ABOUT_RETURN_TYPE = YES_ERROR;
				GCC_WARN_UNDECLARED_SELECTOR = YES;
				GCC_WARN_UNINITIALIZED_AUTOS = YES_AGGRESSIVE;
				GCC_WARN_UNUSED_FUNCTION = YES;
				GCC_WARN_UNUSED_VARIABLE = YES;
				MACOSX_DEPLOYMENT_TARGET = 10.11;
				MTL_ENABLE_DEBUG_INFO = YES;
				ONLY_ACTIVE_ARCH = YES;
				SDKROOT = macosx;
				SWIFT_OPTIMIZATION_LEVEL = "-Onone";
			};
			name = Debug;
		};
		C12327BC1DCDFFDA005F9F9E /* Release */ = {
			isa = XCBuildConfiguration;
			buildSettings = {
				ALWAYS_SEARCH_USER_PATHS = NO;
				CLANG_ANALYZER_NONNULL = YES;
				CLANG_CXX_LANGUAGE_STANDARD = "gnu++0x";
				CLANG_CXX_LIBRARY = "libc++";
				CLANG_ENABLE_MODULES = YES;
				CLANG_ENABLE_OBJC_ARC = YES;
				CLANG_WARN_BOOL_CONVERSION = YES;
				CLANG_WARN_CONSTANT_CONVERSION = YES;
				CLANG_WARN_DIRECT_OBJC_ISA_USAGE = YES_ERROR;
				CLANG_WARN_EMPTY_BODY = YES;
				CLANG_WARN_ENUM_CONVERSION = YES;
				CLANG_WARN_INT_CONVERSION = YES;
				CLANG_WARN_OBJC_ROOT_CLASS = YES_ERROR;
				CLANG_WARN_UNREACHABLE_CODE = YES;
				CLANG_WARN__DUPLICATE_METHOD_MATCH = YES;
				CODE_SIGN_IDENTITY = "-";
				COPY_PHASE_STRIP = NO;
				DEBUG_INFORMATION_FORMAT = "dwarf-with-dsym";
				ENABLE_NS_ASSERTIONS = NO;
				ENABLE_STRICT_OBJC_MSGSEND = YES;
				GCC_C_LANGUAGE_STANDARD = gnu99;
				GCC_NO_COMMON_BLOCKS = YES;
				GCC_WARN_64_TO_32_BIT_CONVERSION = YES;
				GCC_WARN_ABOUT_RETURN_TYPE = YES_ERROR;
				GCC_WARN_UNDECLARED_SELECTOR = YES;
				GCC_WARN_UNINITIALIZED_AUTOS = YES_AGGRESSIVE;
				GCC_WARN_UNUSED_FUNCTION = YES;
				GCC_WARN_UNUSED_VARIABLE = YES;
				MACOSX_DEPLOYMENT_TARGET = 10.11;
				MTL_ENABLE_DEBUG_INFO = NO;
				SDKROOT = macosx;
			};
			name = Release;
		};
		C12327BE1DCDFFDA005F9F9E /* Debug */ = {
			isa = XCBuildConfiguration;
			buildSettings = {
				PRODUCT_NAME = "$(TARGET_NAME)";
			};
			name = Debug;
		};
		C12327BF1DCDFFDA005F9F9E /* Release */ = {
			isa = XCBuildConfiguration;
			buildSettings = {
				PRODUCT_NAME = "$(TARGET_NAME)";
			};
			name = Release;
		};
		C12327CC1DCE00C7005F9F9E /* Debug */ = {
			isa = XCBuildConfiguration;
			buildSettings = {
				COMBINE_HIDPI_IMAGES = YES;
				INFOPLIST_FILE = bc/Info.plist;
				LD_RUNPATH_SEARCH_PATHS = "$(inherited) @executable_path/../Frameworks @loader_path/../Frameworks";
				PRODUCT_BUNDLE_IDENTIFIER = Ziggly.bc;
				PRODUCT_NAME = "$(TARGET_NAME)";
			};
			name = Debug;
		};
		C12327CD1DCE00C7005F9F9E /* Release */ = {
			isa = XCBuildConfiguration;
			buildSettings = {
				COMBINE_HIDPI_IMAGES = YES;
				INFOPLIST_FILE = bc/Info.plist;
				LD_RUNPATH_SEARCH_PATHS = "$(inherited) @executable_path/../Frameworks @loader_path/../Frameworks";
				PRODUCT_BUNDLE_IDENTIFIER = Ziggly.bc;
				PRODUCT_NAME = "$(TARGET_NAME)";
			};
			name = Release;
		};
/* End XCBuildConfiguration section */

/* Begin XCConfigurationList section */
		C12327B11DCDFFD9005F9F9E /* Build configuration list for PBXProject "Battle Cats" */ = {
			isa = XCConfigurationList;
			buildConfigurations = (
				C12327BB1DCDFFDA005F9F9E /* Debug */,
				C12327BC1DCDFFDA005F9F9E /* Release */,
			);
			defaultConfigurationIsVisible = 0;
			defaultConfigurationName = Release;
		};
		C12327BD1DCDFFDA005F9F9E /* Build configuration list for PBXNativeTarget "Battle Cats" */ = {
			isa = XCConfigurationList;
			buildConfigurations = (
				C12327BE1DCDFFDA005F9F9E /* Debug */,
				C12327BF1DCDFFDA005F9F9E /* Release */,
			);
			defaultConfigurationIsVisible = 0;
			defaultConfigurationName = Release;
		};
		C12327CB1DCE00C7005F9F9E /* Build configuration list for PBXNativeTarget "bc" */ = {
			isa = XCConfigurationList;
			buildConfigurations = (
				C12327CC1DCE00C7005F9F9E /* Debug */,
				C12327CD1DCE00C7005F9F9E /* Release */,
			);
			defaultConfigurationIsVisible = 0;
			defaultConfigurationName = Release;
		};
/* End XCConfigurationList section */
	};
	rootObject = C12327AE1DCDFFD9005F9F9E /* Project object */;
}
